
Microsoft Visual Studio Solution File, Format Version 12.00
# Visual Studio Version 16
VisualStudioVersion = 16.0.29911.84
MinimumVisualStudioVersion = 10.0.40219.1
Project("{FAE04EC0-301F-11D3-BF4B-00C04F79EFBC}") = "homework28", "homework28.csproj", "{E0DC3072-6C8A-49F8-A39A-E0BA870A16A9}"
EndProject
Global
	GlobalSection(SolutionConfigurationPlatforms) = preSolution
		Debug|Any CPU = Debug|Any CPU
		Release|Any CPU = Release|Any CPU
	EndGlobalSection
	GlobalSection(ProjectConfigurationPlatforms) = postSolution
		{E0DC3072-6C8A-49F8-A39A-E0BA870A16A9}.Debug|Any CPU.ActiveCfg = Debug|Any CPU
		{E0DC3072-6C8A-49F8-A39A-E0BA870A16A9}.Debug|Any CPU.Build.0 = Debug|Any CPU
		{E0DC3072-6C8A-49F8-A39A-E0BA870A16A9}.Release|Any CPU.ActiveCfg = Release|Any CPU
		{E0DC3072-6C8A-49F8-A39A-E0BA870A16A9}.Release|Any CPU.Build.0 = Release|Any CPU
	EndGlobalSection
	GlobalSection(SolutionProperties) = preSolution
		HideSolutionNode = FALSE
	EndGlobalSection
	GlobalSection(ExtensibilityGlobals) = postSolution
		SolutionGuid = {CA86DECE-A279-42E5-AD9F-7425AA7E2555}
	EndGlobalSection
EndGlobal
